// !$*UTF8*$!
{
	archiveVersion = 1;
	classes = {
	};
	objectVersion = 52;
	objects = {

/* Begin PBXBuildFile section */
		AC146C4D2446F4BF00F5EA02 /* AppDelegate.swift in Sources */ = {isa = PBXBuildFile; fileRef = AC146C4C2446F4BF00F5EA02 /* AppDelegate.swift */; };
		AC146C512446F4BF00F5EA02 /* ViewController.swift in Sources */ = {isa = PBXBuildFile; fileRef = AC146C502446F4BF00F5EA02 /* ViewController.swift */; };
		AC146C562446F4C000F5EA02 /* Assets.xcassets in Resources */ = {isa = PBXBuildFile; fileRef = AC146C552446F4C000F5EA02 /* Assets.xcassets */; };
		AC146C592446F4C000F5EA02 /* LaunchScreen.storyboard in Resources */ = {isa = PBXBuildFile; fileRef = AC146C572446F4C000F5EA02 /* LaunchScreen.storyboard */; };
		AC146C792446F7C200F5EA02 /* AlloyViewController.swift in Sources */ = {isa = PBXBuildFile; fileRef = AC146C782446F7C200F5EA02 /* AlloyViewController.swift */; };
		AC146C7B2446F7E400F5EA02 /* libAlloy.a in Frameworks */ = {isa = PBXBuildFile; fileRef = AC146C6F2446F78400F5EA02 /* libAlloy.a */; };
		AC146CA62447450600F5EA02 /* MainViewController.swift in Sources */ = {isa = PBXBuildFile; fileRef = AC146CA52447450600F5EA02 /* MainViewController.swift */; };
		AC146CA82447485000F5EA02 /* CameraViewController.swift in Sources */ = {isa = PBXBuildFile; fileRef = AC146CA72447485000F5EA02 /* CameraViewController.swift */; };
		AC146CAA244753B700F5EA02 /* EndViewController.swift in Sources */ = {isa = PBXBuildFile; fileRef = AC146CA9244753B700F5EA02 /* EndViewController.swift */; };
		AC146CAD2447583900F5EA02 /* UIColor.swift in Sources */ = {isa = PBXBuildFile; fileRef = AC146CAC2447583900F5EA02 /* UIColor.swift */; };
		AC146CB224475D3800F5EA02 /* PrimaryButton.swift in Sources */ = {isa = PBXBuildFile; fileRef = AC146CB124475D3800F5EA02 /* PrimaryButton.swift */; };
		AC202648244ED2A900EF69A5 /* EndBanner.swift in Sources */ = {isa = PBXBuildFile; fileRef = AC202647244ED2A900EF69A5 /* EndBanner.swift */; };
		AC22473C244840F100892273 /* GetStartedItem.swift in Sources */ = {isa = PBXBuildFile; fileRef = AC22473B244840F100892273 /* GetStartedItem.swift */; };
		AC22474924485FD300892273 /* API.swift in Sources */ = {isa = PBXBuildFile; fileRef = AC22474824485FD300892273 /* API.swift */; };
		AC61FC41244D837600F64F56 /* CardDetail.swift in Sources */ = {isa = PBXBuildFile; fileRef = AC61FC40244D837600F64F56 /* CardDetail.swift */; };
		AC69CBFD245832DA00197A0B /* Lottie in Frameworks */ = {isa = PBXBuildFile; productRef = AC69CBFC245832DA00197A0B /* Lottie */; };
		AC8465E3245078460031DA78 /* AlloyAssets.xcassets in Resources */ = {isa = PBXBuildFile; fileRef = AC91C94424483C8100FB8108 /* AlloyAssets.xcassets */; };
		AC91C94324483C0100FB8108 /* GetStartedViewController.swift in Sources */ = {isa = PBXBuildFile; fileRef = AC91C94224483C0100FB8108 /* GetStartedViewController.swift */; };
		AC91C94624483E3100FB8108 /* UIImage.swift in Sources */ = {isa = PBXBuildFile; fileRef = AC91C94524483E3100FB8108 /* UIImage.swift */; };
		ACB3AE80245187F300718C54 /* Entity.swift in Sources */ = {isa = PBXBuildFile; fileRef = ACB3AE7F245187F300718C54 /* Entity.swift */; };
		ACB3AE822451883300718C54 /* Evaluation.swift in Sources */ = {isa = PBXBuildFile; fileRef = ACB3AE812451883300718C54 /* Evaluation.swift */; };
		ACB3AE842451887C00718C54 /* Document.swift in Sources */ = {isa = PBXBuildFile; fileRef = ACB3AE832451887C00718C54 /* Document.swift */; };
		ACB3AE8624518C8900718C54 /* Init.swift in Sources */ = {isa = PBXBuildFile; fileRef = ACB3AE8524518C8900718C54 /* Init.swift */; };
		ACB3AE882451A97200718C54 /* UIView.swift in Sources */ = {isa = PBXBuildFile; fileRef = ACB3AE872451A97200718C54 /* UIView.swift */; };
/* End PBXBuildFile section */

/* Begin PBXContainerItemProxy section */
		AC146C7C2446F7E400F5EA02 /* PBXContainerItemProxy */ = {
			isa = PBXContainerItemProxy;
			containerPortal = AC146C412446F4BF00F5EA02 /* Project object */;
			proxyType = 1;
			remoteGlobalIDString = AC146C6E2446F78400F5EA02;
			remoteInfo = Alloy;
		};
/* End PBXContainerItemProxy section */

/* Begin PBXCopyFilesBuildPhase section */
		AC146C6D2446F78400F5EA02 /* CopyFiles */ = {
			isa = PBXCopyFilesBuildPhase;
			buildActionMask = 2147483647;
			dstPath = "include/$(PRODUCT_NAME)";
			dstSubfolderSpec = 16;
			files = (
			);
			runOnlyForDeploymentPostprocessing = 0;
		};
/* End PBXCopyFilesBuildPhase section */

/* Begin PBXFileReference section */
		AC146C492446F4BF00F5EA02 /* AlloyExample.app */ = {isa = PBXFileReference; explicitFileType = wrapper.application; includeInIndex = 0; path = AlloyExample.app; sourceTree = BUILT_PRODUCTS_DIR; };
		AC146C4C2446F4BF00F5EA02 /* AppDelegate.swift */ = {isa = PBXFileReference; lastKnownFileType = sourcecode.swift; path = AppDelegate.swift; sourceTree = "<group>"; };
		AC146C502446F4BF00F5EA02 /* ViewController.swift */ = {isa = PBXFileReference; lastKnownFileType = sourcecode.swift; path = ViewController.swift; sourceTree = "<group>"; };
		AC146C552446F4C000F5EA02 /* Assets.xcassets */ = {isa = PBXFileReference; lastKnownFileType = folder.assetcatalog; path = Assets.xcassets; sourceTree = "<group>"; };
		AC146C582446F4C000F5EA02 /* Base */ = {isa = PBXFileReference; lastKnownFileType = file.storyboard; name = Base; path = Base.lproj/LaunchScreen.storyboard; sourceTree = "<group>"; };
		AC146C5A2446F4C000F5EA02 /* Info.plist */ = {isa = PBXFileReference; lastKnownFileType = text.plist.xml; path = Info.plist; sourceTree = "<group>"; };
		AC146C6F2446F78400F5EA02 /* libAlloy.a */ = {isa = PBXFileReference; explicitFileType = archive.ar; includeInIndex = 0; path = libAlloy.a; sourceTree = BUILT_PRODUCTS_DIR; };
		AC146C782446F7C200F5EA02 /* AlloyViewController.swift */ = {isa = PBXFileReference; lastKnownFileType = sourcecode.swift; path = AlloyViewController.swift; sourceTree = "<group>"; };
		AC146CA52447450600F5EA02 /* MainViewController.swift */ = {isa = PBXFileReference; lastKnownFileType = sourcecode.swift; path = MainViewController.swift; sourceTree = "<group>"; };
		AC146CA72447485000F5EA02 /* CameraViewController.swift */ = {isa = PBXFileReference; lastKnownFileType = sourcecode.swift; path = CameraViewController.swift; sourceTree = "<group>"; };
		AC146CA9244753B700F5EA02 /* EndViewController.swift */ = {isa = PBXFileReference; lastKnownFileType = sourcecode.swift; path = EndViewController.swift; sourceTree = "<group>"; };
		AC146CAC2447583900F5EA02 /* UIColor.swift */ = {isa = PBXFileReference; lastKnownFileType = sourcecode.swift; path = UIColor.swift; sourceTree = "<group>"; };
		AC146CB124475D3800F5EA02 /* PrimaryButton.swift */ = {isa = PBXFileReference; fileEncoding = 4; lastKnownFileType = sourcecode.swift; path = PrimaryButton.swift; sourceTree = "<group>"; };
		AC202647244ED2A900EF69A5 /* EndBanner.swift */ = {isa = PBXFileReference; lastKnownFileType = sourcecode.swift; path = EndBanner.swift; sourceTree = "<group>"; };
		AC22473B244840F100892273 /* GetStartedItem.swift */ = {isa = PBXFileReference; lastKnownFileType = sourcecode.swift; path = GetStartedItem.swift; sourceTree = "<group>"; };
		AC22474824485FD300892273 /* API.swift */ = {isa = PBXFileReference; lastKnownFileType = sourcecode.swift; path = API.swift; sourceTree = "<group>"; };
		AC61FC40244D837600F64F56 /* CardDetail.swift */ = {isa = PBXFileReference; lastKnownFileType = sourcecode.swift; path = CardDetail.swift; sourceTree = "<group>"; };
		AC91C94224483C0100FB8108 /* GetStartedViewController.swift */ = {isa = PBXFileReference; lastKnownFileType = sourcecode.swift; path = GetStartedViewController.swift; sourceTree = "<group>"; };
		AC91C94424483C8100FB8108 /* AlloyAssets.xcassets */ = {isa = PBXFileReference; lastKnownFileType = folder.assetcatalog; path = AlloyAssets.xcassets; sourceTree = "<group>"; };
		AC91C94524483E3100FB8108 /* UIImage.swift */ = {isa = PBXFileReference; lastKnownFileType = sourcecode.swift; path = UIImage.swift; sourceTree = "<group>"; };
		ACB3AE7F245187F300718C54 /* Entity.swift */ = {isa = PBXFileReference; lastKnownFileType = sourcecode.swift; path = Entity.swift; sourceTree = "<group>"; };
		ACB3AE812451883300718C54 /* Evaluation.swift */ = {isa = PBXFileReference; lastKnownFileType = sourcecode.swift; path = Evaluation.swift; sourceTree = "<group>"; };
		ACB3AE832451887C00718C54 /* Document.swift */ = {isa = PBXFileReference; lastKnownFileType = sourcecode.swift; path = Document.swift; sourceTree = "<group>"; };
		ACB3AE8524518C8900718C54 /* Init.swift */ = {isa = PBXFileReference; lastKnownFileType = sourcecode.swift; path = Init.swift; sourceTree = "<group>"; };
		ACB3AE872451A97200718C54 /* UIView.swift */ = {isa = PBXFileReference; lastKnownFileType = sourcecode.swift; path = UIView.swift; sourceTree = "<group>"; };
/* End PBXFileReference section */

/* Begin PBXFrameworksBuildPhase section */
		AC146C462446F4BF00F5EA02 /* Frameworks */ = {
			isa = PBXFrameworksBuildPhase;
			buildActionMask = 2147483647;
			files = (
				AC146C7B2446F7E400F5EA02 /* libAlloy.a in Frameworks */,
			);
			runOnlyForDeploymentPostprocessing = 0;
		};
		AC146C6C2446F78400F5EA02 /* Frameworks */ = {
			isa = PBXFrameworksBuildPhase;
			buildActionMask = 2147483647;
			files = (
				AC69CBFD245832DA00197A0B /* Lottie in Frameworks */,
			);
			runOnlyForDeploymentPostprocessing = 0;
		};
/* End PBXFrameworksBuildPhase section */

/* Begin PBXGroup section */
		AC146C402446F4BF00F5EA02 = {
			isa = PBXGroup;
			children = (
				AC146C4B2446F4BF00F5EA02 /* AlloyExample */,
				AC146C702446F78400F5EA02 /* Alloy */,
				AC146C4A2446F4BF00F5EA02 /* Products */,
				AC146C7A2446F7E400F5EA02 /* Frameworks */,
			);
			sourceTree = "<group>";
		};
		AC146C4A2446F4BF00F5EA02 /* Products */ = {
			isa = PBXGroup;
			children = (
				AC146C492446F4BF00F5EA02 /* AlloyExample.app */,
				AC146C6F2446F78400F5EA02 /* libAlloy.a */,
			);
			name = Products;
			sourceTree = "<group>";
		};
		AC146C4B2446F4BF00F5EA02 /* AlloyExample */ = {
			isa = PBXGroup;
			children = (
				AC146C4C2446F4BF00F5EA02 /* AppDelegate.swift */,
				AC146C502446F4BF00F5EA02 /* ViewController.swift */,
				AC146C552446F4C000F5EA02 /* Assets.xcassets */,
				AC146C572446F4C000F5EA02 /* LaunchScreen.storyboard */,
				AC146C5A2446F4C000F5EA02 /* Info.plist */,
			);
			path = AlloyExample;
			sourceTree = "<group>";
		};
		AC146C702446F78400F5EA02 /* Alloy */ = {
			isa = PBXGroup;
			children = (
				AC91C94424483C8100FB8108 /* AlloyAssets.xcassets */,
				AC22474524485C9F00892273 /* API */,
				AC146CAB2447582D00F5EA02 /* Extensions */,
				ACB3AE7E245187DC00718C54 /* Models */,
				AC146CB024475BAF00F5EA02 /* Views */,
				AC146C782446F7C200F5EA02 /* AlloyViewController.swift */,
				AC91C94224483C0100FB8108 /* GetStartedViewController.swift */,
				AC146CA52447450600F5EA02 /* MainViewController.swift */,
				AC146CA72447485000F5EA02 /* CameraViewController.swift */,
				AC146CA9244753B700F5EA02 /* EndViewController.swift */,
			);
			path = Alloy;
			sourceTree = "<group>";
		};
		AC146C7A2446F7E400F5EA02 /* Frameworks */ = {
			isa = PBXGroup;
			children = (
			);
			name = Frameworks;
			sourceTree = "<group>";
		};
		AC146CAB2447582D00F5EA02 /* Extensions */ = {
			isa = PBXGroup;
			children = (
				AC146CAC2447583900F5EA02 /* UIColor.swift */,
				AC91C94524483E3100FB8108 /* UIImage.swift */,
				ACB3AE872451A97200718C54 /* UIView.swift */,
			);
			path = Extensions;
			sourceTree = "<group>";
		};
		AC146CB024475BAF00F5EA02 /* Views */ = {
			isa = PBXGroup;
			children = (
				AC61FC40244D837600F64F56 /* CardDetail.swift */,
				AC202647244ED2A900EF69A5 /* EndBanner.swift */,
				AC22473B244840F100892273 /* GetStartedItem.swift */,
				AC146CB124475D3800F5EA02 /* PrimaryButton.swift */,
			);
			path = Views;
			sourceTree = "<group>";
		};
		AC22474524485C9F00892273 /* API */ = {
			isa = PBXGroup;
			children = (
				AC22474824485FD300892273 /* API.swift */,
			);
			path = API;
			sourceTree = "<group>";
		};
		ACB3AE7E245187DC00718C54 /* Models */ = {
			isa = PBXGroup;
			children = (
				ACB3AE832451887C00718C54 /* Document.swift */,
				ACB3AE7F245187F300718C54 /* Entity.swift */,
				ACB3AE812451883300718C54 /* Evaluation.swift */,
				ACB3AE8524518C8900718C54 /* Init.swift */,
			);
			path = Models;
			sourceTree = "<group>";
		};
/* End PBXGroup section */

/* Begin PBXNativeTarget section */
		AC146C482446F4BF00F5EA02 /* AlloyExample */ = {
			isa = PBXNativeTarget;
			buildConfigurationList = AC146C5D2446F4C000F5EA02 /* Build configuration list for PBXNativeTarget "AlloyExample" */;
			buildPhases = (
				AC146C452446F4BF00F5EA02 /* Sources */,
				AC146C462446F4BF00F5EA02 /* Frameworks */,
				AC146C472446F4BF00F5EA02 /* Resources */,
			);
			buildRules = (
			);
			dependencies = (
				AC146C7D2446F7E400F5EA02 /* PBXTargetDependency */,
			);
			name = AlloyExample;
			productName = Alloy;
			productReference = AC146C492446F4BF00F5EA02 /* AlloyExample.app */;
			productType = "com.apple.product-type.application";
		};
		AC146C6E2446F78400F5EA02 /* Alloy */ = {
			isa = PBXNativeTarget;
			buildConfigurationList = AC146C732446F78400F5EA02 /* Build configuration list for PBXNativeTarget "Alloy" */;
			buildPhases = (
				AC146C6B2446F78400F5EA02 /* Sources */,
				AC146C6C2446F78400F5EA02 /* Frameworks */,
				AC146C6D2446F78400F5EA02 /* CopyFiles */,
			);
			buildRules = (
			);
			dependencies = (
			);
			name = Alloy;
			packageProductDependencies = (
				AC69CBFC245832DA00197A0B /* Lottie */,
			);
			productName = Alloy;
			productReference = AC146C6F2446F78400F5EA02 /* libAlloy.a */;
			productType = "com.apple.product-type.library.static";
		};
/* End PBXNativeTarget section */

/* Begin PBXProject section */
		AC146C412446F4BF00F5EA02 /* Project object */ = {
			isa = PBXProject;
			attributes = {
				LastSwiftUpdateCheck = 1140;
				LastUpgradeCheck = 1140;
				ORGANIZATIONNAME = Alloy;
				TargetAttributes = {
					AC146C482446F4BF00F5EA02 = {
						CreatedOnToolsVersion = 11.4;
					};
					AC146C6E2446F78400F5EA02 = {
						CreatedOnToolsVersion = 11.4;
					};
				};
			};
			buildConfigurationList = AC146C442446F4BF00F5EA02 /* Build configuration list for PBXProject "Alloy" */;
			compatibilityVersion = "Xcode 9.3";
			developmentRegion = en;
			hasScannedForEncodings = 0;
			knownRegions = (
				en,
				Base,
			);
			mainGroup = AC146C402446F4BF00F5EA02;
			packageReferences = (
				AC69CBFB245832DA00197A0B /* XCRemoteSwiftPackageReference "lottie-ios" */,
			);
			productRefGroup = AC146C4A2446F4BF00F5EA02 /* Products */;
			projectDirPath = "";
			projectRoot = "";
			targets = (
				AC146C482446F4BF00F5EA02 /* AlloyExample */,
				AC146C6E2446F78400F5EA02 /* Alloy */,
			);
		};
/* End PBXProject section */

/* Begin PBXResourcesBuildPhase section */
		AC146C472446F4BF00F5EA02 /* Resources */ = {
			isa = PBXResourcesBuildPhase;
			buildActionMask = 2147483647;
			files = (
				AC146C592446F4C000F5EA02 /* LaunchScreen.storyboard in Resources */,
				AC146C562446F4C000F5EA02 /* Assets.xcassets in Resources */,
				AC8465E3245078460031DA78 /* AlloyAssets.xcassets in Resources */,
			);
			runOnlyForDeploymentPostprocessing = 0;
		};
/* End PBXResourcesBuildPhase section */

/* Begin PBXSourcesBuildPhase section */
		AC146C452446F4BF00F5EA02 /* Sources */ = {
			isa = PBXSourcesBuildPhase;
			buildActionMask = 2147483647;
			files = (
				AC146C512446F4BF00F5EA02 /* ViewController.swift in Sources */,
				AC146C4D2446F4BF00F5EA02 /* AppDelegate.swift in Sources */,
			);
			runOnlyForDeploymentPostprocessing = 0;
		};
		AC146C6B2446F78400F5EA02 /* Sources */ = {
			isa = PBXSourcesBuildPhase;
			buildActionMask = 2147483647;
			files = (
				AC22474924485FD300892273 /* API.swift in Sources */,
				ACB3AE8624518C8900718C54 /* Init.swift in Sources */,
				AC61FC41244D837600F64F56 /* CardDetail.swift in Sources */,
				ACB3AE80245187F300718C54 /* Entity.swift in Sources */,
				AC146CB224475D3800F5EA02 /* PrimaryButton.swift in Sources */,
				AC91C94624483E3100FB8108 /* UIImage.swift in Sources */,
				AC146CAA244753B700F5EA02 /* EndViewController.swift in Sources */,
				AC22473C244840F100892273 /* GetStartedItem.swift in Sources */,
				AC146C792446F7C200F5EA02 /* AlloyViewController.swift in Sources */,
				ACB3AE842451887C00718C54 /* Document.swift in Sources */,
				AC146CA62447450600F5EA02 /* MainViewController.swift in Sources */,
				ACB3AE822451883300718C54 /* Evaluation.swift in Sources */,
				AC202648244ED2A900EF69A5 /* EndBanner.swift in Sources */,
				ACB3AE882451A97200718C54 /* UIView.swift in Sources */,
				AC146CA82447485000F5EA02 /* CameraViewController.swift in Sources */,
				AC91C94324483C0100FB8108 /* GetStartedViewController.swift in Sources */,
				AC146CAD2447583900F5EA02 /* UIColor.swift in Sources */,
			);
			runOnlyForDeploymentPostprocessing = 0;
		};
/* End PBXSourcesBuildPhase section */

/* Begin PBXTargetDependency section */
		AC146C7D2446F7E400F5EA02 /* PBXTargetDependency */ = {
			isa = PBXTargetDependency;
			target = AC146C6E2446F78400F5EA02 /* Alloy */;
			targetProxy = AC146C7C2446F7E400F5EA02 /* PBXContainerItemProxy */;
		};
/* End PBXTargetDependency section */

/* Begin PBXVariantGroup section */
		AC146C572446F4C000F5EA02 /* LaunchScreen.storyboard */ = {
			isa = PBXVariantGroup;
			children = (
				AC146C582446F4C000F5EA02 /* Base */,
			);
			name = LaunchScreen.storyboard;
			sourceTree = "<group>";
		};
/* End PBXVariantGroup section */

/* Begin XCBuildConfiguration section */
		AC146C5B2446F4C000F5EA02 /* Debug */ = {
			isa = XCBuildConfiguration;
			buildSettings = {
				ALWAYS_SEARCH_USER_PATHS = NO;
				CLANG_ANALYZER_NONNULL = YES;
				CLANG_ANALYZER_NUMBER_OBJECT_CONVERSION = YES_AGGRESSIVE;
				CLANG_CXX_LANGUAGE_STANDARD = "gnu++14";
				CLANG_CXX_LIBRARY = "libc++";
				CLANG_ENABLE_MODULES = YES;
				CLANG_ENABLE_OBJC_ARC = YES;
				CLANG_ENABLE_OBJC_WEAK = YES;
				CLANG_WARN_BLOCK_CAPTURE_AUTORELEASING = YES;
				CLANG_WARN_BOOL_CONVERSION = YES;
				CLANG_WARN_COMMA = YES;
				CLANG_WARN_CONSTANT_CONVERSION = YES;
				CLANG_WARN_DEPRECATED_OBJC_IMPLEMENTATIONS = YES;
				CLANG_WARN_DIRECT_OBJC_ISA_USAGE = YES_ERROR;
				CLANG_WARN_DOCUMENTATION_COMMENTS = YES;
				CLANG_WARN_EMPTY_BODY = YES;
				CLANG_WARN_ENUM_CONVERSION = YES;
				CLANG_WARN_INFINITE_RECURSION = YES;
				CLANG_WARN_INT_CONVERSION = YES;
				CLANG_WARN_NON_LITERAL_NULL_CONVERSION = YES;
				CLANG_WARN_OBJC_IMPLICIT_RETAIN_SELF = YES;
				CLANG_WARN_OBJC_LITERAL_CONVERSION = YES;
				CLANG_WARN_OBJC_ROOT_CLASS = YES_ERROR;
				CLANG_WARN_RANGE_LOOP_ANALYSIS = YES;
				CLANG_WARN_STRICT_PROTOTYPES = YES;
				CLANG_WARN_SUSPICIOUS_MOVE = YES;
				CLANG_WARN_UNGUARDED_AVAILABILITY = YES_AGGRESSIVE;
				CLANG_WARN_UNREACHABLE_CODE = YES;
				CLANG_WARN__DUPLICATE_METHOD_MATCH = YES;
				COPY_PHASE_STRIP = NO;
				DEBUG_INFORMATION_FORMAT = dwarf;
				ENABLE_STRICT_OBJC_MSGSEND = YES;
				ENABLE_TESTABILITY = YES;
				GCC_C_LANGUAGE_STANDARD = gnu11;
				GCC_DYNAMIC_NO_PIC = NO;
				GCC_NO_COMMON_BLOCKS = YES;
				GCC_OPTIMIZATION_LEVEL = 0;
				GCC_PREPROCESSOR_DEFINITIONS = (
					"DEBUG=1",
					"$(inherited)",
				);
				GCC_WARN_64_TO_32_BIT_CONVERSION = YES;
				GCC_WARN_ABOUT_RETURN_TYPE = YES_ERROR;
				GCC_WARN_UNDECLARED_SELECTOR = YES;
				GCC_WARN_UNINITIALIZED_AUTOS = YES_AGGRESSIVE;
				GCC_WARN_UNUSED_FUNCTION = YES;
				GCC_WARN_UNUSED_VARIABLE = YES;
				IPHONEOS_DEPLOYMENT_TARGET = 13.4;
				MTL_ENABLE_DEBUG_INFO = INCLUDE_SOURCE;
				MTL_FAST_MATH = YES;
				ONLY_ACTIVE_ARCH = YES;
				SDKROOT = iphoneos;
				SWIFT_ACTIVE_COMPILATION_CONDITIONS = DEBUG;
				SWIFT_OPTIMIZATION_LEVEL = "-Onone";
			};
			name = Debug;
		};
		AC146C5C2446F4C000F5EA02 /* Release */ = {
			isa = XCBuildConfiguration;
			buildSettings = {
				ALWAYS_SEARCH_USER_PATHS = NO;
				CLANG_ANALYZER_NONNULL = YES;
				CLANG_ANALYZER_NUMBER_OBJECT_CONVERSION = YES_AGGRESSIVE;
				CLANG_CXX_LANGUAGE_STANDARD = "gnu++14";
				CLANG_CXX_LIBRARY = "libc++";
				CLANG_ENABLE_MODULES = YES;
				CLANG_ENABLE_OBJC_ARC = YES;
				CLANG_ENABLE_OBJC_WEAK = YES;
				CLANG_WARN_BLOCK_CAPTURE_AUTORELEASING = YES;
				CLANG_WARN_BOOL_CONVERSION = YES;
				CLANG_WARN_COMMA = YES;
				CLANG_WARN_CONSTANT_CONVERSION = YES;
				CLANG_WARN_DEPRECATED_OBJC_IMPLEMENTATIONS = YES;
				CLANG_WARN_DIRECT_OBJC_ISA_USAGE = YES_ERROR;
				CLANG_WARN_DOCUMENTATION_COMMENTS = YES;
				CLANG_WARN_EMPTY_BODY = YES;
				CLANG_WARN_ENUM_CONVERSION = YES;
				CLANG_WARN_INFINITE_RECURSION = YES;
				CLANG_WARN_INT_CONVERSION = YES;
				CLANG_WARN_NON_LITERAL_NULL_CONVERSION = YES;
				CLANG_WARN_OBJC_IMPLICIT_RETAIN_SELF = YES;
				CLANG_WARN_OBJC_LITERAL_CONVERSION = YES;
				CLANG_WARN_OBJC_ROOT_CLASS = YES_ERROR;
				CLANG_WARN_RANGE_LOOP_ANALYSIS = YES;
				CLANG_WARN_STRICT_PROTOTYPES = YES;
				CLANG_WARN_SUSPICIOUS_MOVE = YES;
				CLANG_WARN_UNGUARDED_AVAILABILITY = YES_AGGRESSIVE;
				CLANG_WARN_UNREACHABLE_CODE = YES;
				CLANG_WARN__DUPLICATE_METHOD_MATCH = YES;
				COPY_PHASE_STRIP = NO;
				DEBUG_INFORMATION_FORMAT = "dwarf-with-dsym";
				ENABLE_NS_ASSERTIONS = NO;
				ENABLE_STRICT_OBJC_MSGSEND = YES;
				GCC_C_LANGUAGE_STANDARD = gnu11;
				GCC_NO_COMMON_BLOCKS = YES;
				GCC_WARN_64_TO_32_BIT_CONVERSION = YES;
				GCC_WARN_ABOUT_RETURN_TYPE = YES_ERROR;
				GCC_WARN_UNDECLARED_SELECTOR = YES;
				GCC_WARN_UNINITIALIZED_AUTOS = YES_AGGRESSIVE;
				GCC_WARN_UNUSED_FUNCTION = YES;
				GCC_WARN_UNUSED_VARIABLE = YES;
				IPHONEOS_DEPLOYMENT_TARGET = 13.4;
				MTL_ENABLE_DEBUG_INFO = NO;
				MTL_FAST_MATH = YES;
				SDKROOT = iphoneos;
				SWIFT_COMPILATION_MODE = wholemodule;
				SWIFT_OPTIMIZATION_LEVEL = "-O";
				VALIDATE_PRODUCT = YES;
			};
			name = Release;
		};
		AC146C5E2446F4C000F5EA02 /* Debug */ = {
			isa = XCBuildConfiguration;
			buildSettings = {
				ASSETCATALOG_COMPILER_APPICON_NAME = AppIcon;
				CODE_SIGN_STYLE = Automatic;
				DEVELOPMENT_TEAM = RXT9WNH555;
				INFOPLIST_FILE = AlloyExample/Info.plist;
				IPHONEOS_DEPLOYMENT_TARGET = 11.0;
				LD_RUNPATH_SEARCH_PATHS = (
					"$(inherited)",
					"@executable_path/Frameworks",
				);
				PRODUCT_BUNDLE_IDENTIFIER = co.alloy.AlloyExample;
				PRODUCT_NAME = AlloyExample;
				SWIFT_VERSION = 5.0;
				TARGETED_DEVICE_FAMILY = "1,2";
			};
			name = Debug;
		};
		AC146C5F2446F4C000F5EA02 /* Release */ = {
			isa = XCBuildConfiguration;
			buildSettings = {
				ASSETCATALOG_COMPILER_APPICON_NAME = AppIcon;
				CODE_SIGN_STYLE = Automatic;
				DEVELOPMENT_TEAM = RXT9WNH555;
				INFOPLIST_FILE = AlloyExample/Info.plist;
				IPHONEOS_DEPLOYMENT_TARGET = 11.0;
				LD_RUNPATH_SEARCH_PATHS = (
					"$(inherited)",
					"@executable_path/Frameworks",
				);
				PRODUCT_BUNDLE_IDENTIFIER = co.alloy.AlloyExample;
				PRODUCT_NAME = AlloyExample;
				SWIFT_VERSION = 5.0;
				TARGETED_DEVICE_FAMILY = "1,2";
			};
			name = Release;
		};
		AC146C742446F78400F5EA02 /* Debug */ = {
			isa = XCBuildConfiguration;
			buildSettings = {
				CODE_SIGN_STYLE = Automatic;
				DEVELOPMENT_TEAM = RXT9WNH555;
				IPHONEOS_DEPLOYMENT_TARGET = 11.0;
				OTHER_LDFLAGS = "-ObjC";
				PRODUCT_NAME = "$(TARGET_NAME)";
				SKIP_INSTALL = YES;
				SWIFT_VERSION = 4.2;
				TARGETED_DEVICE_FAMILY = "1,2";
			};
			name = Debug;
		};
		AC146C752446F78400F5EA02 /* Release */ = {
			isa = XCBuildConfiguration;
			buildSettings = {
				CODE_SIGN_STYLE = Automatic;
				DEVELOPMENT_TEAM = RXT9WNH555;
				IPHONEOS_DEPLOYMENT_TARGET = 11.0;
				OTHER_LDFLAGS = "-ObjC";
				PRODUCT_NAME = "$(TARGET_NAME)";
				SKIP_INSTALL = YES;
				SWIFT_VERSION = 4.2;
				TARGETED_DEVICE_FAMILY = "1,2";
			};
			name = Release;
		};
/* End XCBuildConfiguration section */

/* Begin XCConfigurationList section */
		AC146C442446F4BF00F5EA02 /* Build configuration list for PBXProject "Alloy" */ = {
			isa = XCConfigurationList;
			buildConfigurations = (
				AC146C5B2446F4C000F5EA02 /* Debug */,
				AC146C5C2446F4C000F5EA02 /* Release */,
			);
			defaultConfigurationIsVisible = 0;
			defaultConfigurationName = Release;
		};
		AC146C5D2446F4C000F5EA02 /* Build configuration list for PBXNativeTarget "AlloyExample" */ = {
			isa = XCConfigurationList;
			buildConfigurations = (
				AC146C5E2446F4C000F5EA02 /* Debug */,
				AC146C5F2446F4C000F5EA02 /* Release */,
			);
			defaultConfigurationIsVisible = 0;
			defaultConfigurationName = Release;
		};
		AC146C732446F78400F5EA02 /* Build configuration list for PBXNativeTarget "Alloy" */ = {
			isa = XCConfigurationList;
			buildConfigurations = (
				AC146C742446F78400F5EA02 /* Debug */,
				AC146C752446F78400F5EA02 /* Release */,
			);
			defaultConfigurationIsVisible = 0;
			defaultConfigurationName = Release;
		};
/* End XCConfigurationList section */

/* Begin XCRemoteSwiftPackageReference section */
		AC69CBFB245832DA00197A0B /* XCRemoteSwiftPackageReference "lottie-ios" */ = {
			isa = XCRemoteSwiftPackageReference;
			repositoryURL = "https://github.com/airbnb/lottie-ios";
			requirement = {
				kind = upToNextMajorVersion;
				minimumVersion = 3.1.8;
			};
		};
/* End XCRemoteSwiftPackageReference section */

/* Begin XCSwiftPackageProductDependency section */
		AC69CBFC245832DA00197A0B /* Lottie */ = {
			isa = XCSwiftPackageProductDependency;
			package = AC69CBFB245832DA00197A0B /* XCRemoteSwiftPackageReference "lottie-ios" */;
			productName = Lottie;
		};
/* End XCSwiftPackageProductDependency section */
	};
	rootObject = AC146C412446F4BF00F5EA02 /* Project object */;
}
