// !$*UTF8*$!
{
	archiveVersion = 1;
	classes = {
	};
	objectVersion = 52;
	objects = {

/* Begin PBXBuildFile section */
		AC0C10CF24E529B2008642D0 /* SelfieSwitcher.swift in Sources */ = {isa = PBXBuildFile; fileRef = AC0C10CE24E529B2008642D0 /* SelfieSwitcher.swift */; };
		AC146C4D2446F4BF00F5EA02 /* AppDelegate.swift in Sources */ = {isa = PBXBuildFile; fileRef = AC146C4C2446F4BF00F5EA02 /* AppDelegate.swift */; };
		AC146C512446F4BF00F5EA02 /* ViewController.swift in Sources */ = {isa = PBXBuildFile; fileRef = AC146C502446F4BF00F5EA02 /* ViewController.swift */; };
		AC146C562446F4C000F5EA02 /* Assets.xcassets in Resources */ = {isa = PBXBuildFile; fileRef = AC146C552446F4C000F5EA02 /* Assets.xcassets */; };
		AC146C592446F4C000F5EA02 /* LaunchScreen.storyboard in Resources */ = {isa = PBXBuildFile; fileRef = AC146C572446F4C000F5EA02 /* LaunchScreen.storyboard */; };
		AC1FB2C9249CA15F00E9FCC2 /* SelectDocumentViewController.swift in Sources */ = {isa = PBXBuildFile; fileRef = AC1FB2C8249CA15F00E9FCC2 /* SelectDocumentViewController.swift */; };
		AC1FB2CB249CA54D00E9FCC2 /* DocumentRadioButton.swift in Sources */ = {isa = PBXBuildFile; fileRef = AC1FB2CA249CA54D00E9FCC2 /* DocumentRadioButton.swift */; };
		AC1FB2CD249CBBA500E9FCC2 /* ScanPassportViewController.swift in Sources */ = {isa = PBXBuildFile; fileRef = AC1FB2CC249CBBA500E9FCC2 /* ScanPassportViewController.swift */; };
		AC69CC0124583B5900197A0B /* EndFailure.json in Resources */ = {isa = PBXBuildFile; fileRef = AC69CBFF2458356B00197A0B /* EndFailure.json */; };
		AC69CC0224583B5F00197A0B /* EndSuccess.json in Resources */ = {isa = PBXBuildFile; fileRef = AC69CC002458356B00197A0B /* EndSuccess.json */; };
		AC8465E3245078460031DA78 /* AlloyAssets.xcassets in Resources */ = {isa = PBXBuildFile; fileRef = AC91C94424483C8100FB8108 /* AlloyAssets.xcassets */; };
		ACCC736424E3FF4400A99932 /* SelfieDetail.swift in Sources */ = {isa = PBXBuildFile; fileRef = ACCC736324E3FF4400A99932 /* SelfieDetail.swift */; };
		ACEB0F6424656FB300759C5A /* Alloy.h in Headers */ = {isa = PBXBuildFile; fileRef = ACEB0F6224656FB300759C5A /* Alloy.h */; settings = {ATTRIBUTES = (Public, ); }; };
		ACEB0F6724656FB300759C5A /* Alloy.framework in Frameworks */ = {isa = PBXBuildFile; fileRef = ACEB0F6024656FB300759C5A /* Alloy.framework */; };
		ACEB0F6824656FB300759C5A /* Alloy.framework in Embed Frameworks */ = {isa = PBXBuildFile; fileRef = ACEB0F6024656FB300759C5A /* Alloy.framework */; settings = {ATTRIBUTES = (CodeSignOnCopy, RemoveHeadersOnCopy, ); }; };
		ACEB0F6D24656FC300759C5A /* GetStartedViewController.swift in Sources */ = {isa = PBXBuildFile; fileRef = AC91C94224483C0100FB8108 /* GetStartedViewController.swift */; };
		ACEB0F6E24656FC300759C5A /* AlloyViewController.swift in Sources */ = {isa = PBXBuildFile; fileRef = AC146C782446F7C200F5EA02 /* AlloyViewController.swift */; };
		ACEB0F6F24656FC300759C5A /* EndViewController.swift in Sources */ = {isa = PBXBuildFile; fileRef = AC146CA9244753B700F5EA02 /* EndViewController.swift */; };
		ACEB0F7024656FC300759C5A /* ScanIDViewController.swift in Sources */ = {isa = PBXBuildFile; fileRef = AC146CA52447450600F5EA02 /* ScanIDViewController.swift */; };
		ACEB0F7124656FC300759C5A /* CameraViewController.swift in Sources */ = {isa = PBXBuildFile; fileRef = AC146CA72447485000F5EA02 /* CameraViewController.swift */; };
		ACEB0F722465706A00759C5A /* AlloyAssets.xcassets in Resources */ = {isa = PBXBuildFile; fileRef = AC91C94424483C8100FB8108 /* AlloyAssets.xcassets */; };
		ACEB0F732465707E00759C5A /* CardDetail.swift in Sources */ = {isa = PBXBuildFile; fileRef = AC61FC40244D837600F64F56 /* CardDetail.swift */; };
		ACEB0F742465708000759C5A /* EndBanner.swift in Sources */ = {isa = PBXBuildFile; fileRef = AC202647244ED2A900EF69A5 /* EndBanner.swift */; };
		ACEB0F752465708300759C5A /* GetStartedItem.swift in Sources */ = {isa = PBXBuildFile; fileRef = AC22473B244840F100892273 /* GetStartedItem.swift */; };
		ACEB0F762465708600759C5A /* PrimaryButton.swift in Sources */ = {isa = PBXBuildFile; fileRef = AC146CB124475D3800F5EA02 /* PrimaryButton.swift */; };
		ACEB0F772465708A00759C5A /* Document.swift in Sources */ = {isa = PBXBuildFile; fileRef = ACB3AE832451887C00718C54 /* Document.swift */; };
		ACEB0F782465708E00759C5A /* Entity.swift in Sources */ = {isa = PBXBuildFile; fileRef = ACB3AE7F245187F300718C54 /* Entity.swift */; };
		ACEB0F792465709000759C5A /* Evaluation.swift in Sources */ = {isa = PBXBuildFile; fileRef = ACB3AE812451883300718C54 /* Evaluation.swift */; };
		ACEB0F7A2465709300759C5A /* Init.swift in Sources */ = {isa = PBXBuildFile; fileRef = ACB3AE8524518C8900718C54 /* Init.swift */; };
		ACEB0F7B2465709700759C5A /* NSBundle.swift in Sources */ = {isa = PBXBuildFile; fileRef = AC2B5DC42464312A001E070A /* NSBundle.swift */; };
		ACEB0F7C2465709F00759C5A /* UIColor.swift in Sources */ = {isa = PBXBuildFile; fileRef = AC146CAC2447583900F5EA02 /* UIColor.swift */; };
		ACEB0F7D246570A200759C5A /* UIImage.swift in Sources */ = {isa = PBXBuildFile; fileRef = AC91C94524483E3100FB8108 /* UIImage.swift */; };
		ACEB0F7E246570A500759C5A /* UIView.swift in Sources */ = {isa = PBXBuildFile; fileRef = ACB3AE872451A97200718C54 /* UIView.swift */; };
		ACEB0F7F246570AE00759C5A /* EndSuccess.json in Resources */ = {isa = PBXBuildFile; fileRef = AC69CC002458356B00197A0B /* EndSuccess.json */; };
		ACEB0F80246570B200759C5A /* EndFailure.json in Resources */ = {isa = PBXBuildFile; fileRef = AC69CBFF2458356B00197A0B /* EndFailure.json */; };
		ACEB0F81246570B700759C5A /* API.swift in Sources */ = {isa = PBXBuildFile; fileRef = AC22474824485FD300892273 /* API.swift */; };
		ACEB0F83246570F500759C5A /* Lottie in Frameworks */ = {isa = PBXBuildFile; productRef = ACEB0F82246570F500759C5A /* Lottie */; };
		ACFF2FF324A4E4F50003D635 /* ScanBaseViewController.swift in Sources */ = {isa = PBXBuildFile; fileRef = ACFF2FF224A4E4F50003D635 /* ScanBaseViewController.swift */; };
/* End PBXBuildFile section */

/* Begin PBXContainerItemProxy section */
		ACEB0F6524656FB300759C5A /* PBXContainerItemProxy */ = {
			isa = PBXContainerItemProxy;
			containerPortal = AC146C412446F4BF00F5EA02 /* Project object */;
			proxyType = 1;
			remoteGlobalIDString = ACEB0F5F24656FB300759C5A;
			remoteInfo = Alloy;
		};
/* End PBXContainerItemProxy section */

/* Begin PBXCopyFilesBuildPhase section */
		ACEB0F6C24656FB300759C5A /* Embed Frameworks */ = {
			isa = PBXCopyFilesBuildPhase;
			buildActionMask = 2147483647;
			dstPath = "";
			dstSubfolderSpec = 10;
			files = (
				ACEB0F6824656FB300759C5A /* Alloy.framework in Embed Frameworks */,
			);
			name = "Embed Frameworks";
			runOnlyForDeploymentPostprocessing = 0;
		};
/* End PBXCopyFilesBuildPhase section */

/* Begin PBXFileReference section */
		AC0C10CE24E529B2008642D0 /* SelfieSwitcher.swift */ = {isa = PBXFileReference; lastKnownFileType = sourcecode.swift; path = SelfieSwitcher.swift; sourceTree = "<group>"; };
		AC146C492446F4BF00F5EA02 /* AlloyExample.app */ = {isa = PBXFileReference; explicitFileType = wrapper.application; includeInIndex = 0; path = AlloyExample.app; sourceTree = BUILT_PRODUCTS_DIR; };
		AC146C4C2446F4BF00F5EA02 /* AppDelegate.swift */ = {isa = PBXFileReference; lastKnownFileType = sourcecode.swift; path = AppDelegate.swift; sourceTree = "<group>"; };
		AC146C502446F4BF00F5EA02 /* ViewController.swift */ = {isa = PBXFileReference; lastKnownFileType = sourcecode.swift; path = ViewController.swift; sourceTree = "<group>"; };
		AC146C552446F4C000F5EA02 /* Assets.xcassets */ = {isa = PBXFileReference; lastKnownFileType = folder.assetcatalog; path = Assets.xcassets; sourceTree = "<group>"; };
		AC146C582446F4C000F5EA02 /* Base */ = {isa = PBXFileReference; lastKnownFileType = file.storyboard; name = Base; path = Base.lproj/LaunchScreen.storyboard; sourceTree = "<group>"; };
		AC146C5A2446F4C000F5EA02 /* Info.plist */ = {isa = PBXFileReference; lastKnownFileType = text.plist.xml; path = Info.plist; sourceTree = "<group>"; };
		AC146C782446F7C200F5EA02 /* AlloyViewController.swift */ = {isa = PBXFileReference; lastKnownFileType = sourcecode.swift; path = AlloyViewController.swift; sourceTree = "<group>"; };
		AC146CA52447450600F5EA02 /* ScanIDViewController.swift */ = {isa = PBXFileReference; lastKnownFileType = sourcecode.swift; path = ScanIDViewController.swift; sourceTree = "<group>"; };
		AC146CA72447485000F5EA02 /* CameraViewController.swift */ = {isa = PBXFileReference; lastKnownFileType = sourcecode.swift; path = CameraViewController.swift; sourceTree = "<group>"; };
		AC146CA9244753B700F5EA02 /* EndViewController.swift */ = {isa = PBXFileReference; lastKnownFileType = sourcecode.swift; path = EndViewController.swift; sourceTree = "<group>"; };
		AC146CAC2447583900F5EA02 /* UIColor.swift */ = {isa = PBXFileReference; lastKnownFileType = sourcecode.swift; path = UIColor.swift; sourceTree = "<group>"; };
		AC146CB124475D3800F5EA02 /* PrimaryButton.swift */ = {isa = PBXFileReference; fileEncoding = 4; lastKnownFileType = sourcecode.swift; path = PrimaryButton.swift; sourceTree = "<group>"; };
		AC1FB2C8249CA15F00E9FCC2 /* SelectDocumentViewController.swift */ = {isa = PBXFileReference; lastKnownFileType = sourcecode.swift; path = SelectDocumentViewController.swift; sourceTree = "<group>"; };
		AC1FB2CA249CA54D00E9FCC2 /* DocumentRadioButton.swift */ = {isa = PBXFileReference; lastKnownFileType = sourcecode.swift; path = DocumentRadioButton.swift; sourceTree = "<group>"; };
		AC1FB2CC249CBBA500E9FCC2 /* ScanPassportViewController.swift */ = {isa = PBXFileReference; lastKnownFileType = sourcecode.swift; path = ScanPassportViewController.swift; sourceTree = "<group>"; };
		AC202647244ED2A900EF69A5 /* EndBanner.swift */ = {isa = PBXFileReference; lastKnownFileType = sourcecode.swift; path = EndBanner.swift; sourceTree = "<group>"; };
		AC22473B244840F100892273 /* GetStartedItem.swift */ = {isa = PBXFileReference; lastKnownFileType = sourcecode.swift; path = GetStartedItem.swift; sourceTree = "<group>"; };
		AC22474824485FD300892273 /* API.swift */ = {isa = PBXFileReference; lastKnownFileType = sourcecode.swift; path = API.swift; sourceTree = "<group>"; };
		AC2B5DC124641CB5001E070A /* README.md */ = {isa = PBXFileReference; lastKnownFileType = net.daringfireball.markdown; path = README.md; sourceTree = "<group>"; };
		AC2B5DC42464312A001E070A /* NSBundle.swift */ = {isa = PBXFileReference; fileEncoding = 4; lastKnownFileType = sourcecode.swift; path = NSBundle.swift; sourceTree = "<group>"; };
		AC61FC40244D837600F64F56 /* CardDetail.swift */ = {isa = PBXFileReference; lastKnownFileType = sourcecode.swift; path = CardDetail.swift; sourceTree = "<group>"; };
		AC69CBFF2458356B00197A0B /* EndFailure.json */ = {isa = PBXFileReference; fileEncoding = 4; lastKnownFileType = text.json; path = EndFailure.json; sourceTree = "<group>"; };
		AC69CC002458356B00197A0B /* EndSuccess.json */ = {isa = PBXFileReference; fileEncoding = 4; lastKnownFileType = text.json; path = EndSuccess.json; sourceTree = "<group>"; };
		AC91C94224483C0100FB8108 /* GetStartedViewController.swift */ = {isa = PBXFileReference; lastKnownFileType = sourcecode.swift; path = GetStartedViewController.swift; sourceTree = "<group>"; };
		AC91C94424483C8100FB8108 /* AlloyAssets.xcassets */ = {isa = PBXFileReference; lastKnownFileType = folder.assetcatalog; path = AlloyAssets.xcassets; sourceTree = "<group>"; };
		AC91C94524483E3100FB8108 /* UIImage.swift */ = {isa = PBXFileReference; lastKnownFileType = sourcecode.swift; path = UIImage.swift; sourceTree = "<group>"; };
		ACB3AE7F245187F300718C54 /* Entity.swift */ = {isa = PBXFileReference; lastKnownFileType = sourcecode.swift; path = Entity.swift; sourceTree = "<group>"; };
		ACB3AE812451883300718C54 /* Evaluation.swift */ = {isa = PBXFileReference; lastKnownFileType = sourcecode.swift; path = Evaluation.swift; sourceTree = "<group>"; };
		ACB3AE832451887C00718C54 /* Document.swift */ = {isa = PBXFileReference; lastKnownFileType = sourcecode.swift; path = Document.swift; sourceTree = "<group>"; };
		ACB3AE8524518C8900718C54 /* Init.swift */ = {isa = PBXFileReference; lastKnownFileType = sourcecode.swift; path = Init.swift; sourceTree = "<group>"; };
		ACB3AE872451A97200718C54 /* UIView.swift */ = {isa = PBXFileReference; lastKnownFileType = sourcecode.swift; path = UIView.swift; sourceTree = "<group>"; };
		ACCC736324E3FF4400A99932 /* SelfieDetail.swift */ = {isa = PBXFileReference; lastKnownFileType = sourcecode.swift; path = SelfieDetail.swift; sourceTree = "<group>"; };
		ACEB0F6024656FB300759C5A /* Alloy.framework */ = {isa = PBXFileReference; explicitFileType = wrapper.framework; includeInIndex = 0; path = Alloy.framework; sourceTree = BUILT_PRODUCTS_DIR; };
		ACEB0F6224656FB300759C5A /* Alloy.h */ = {isa = PBXFileReference; lastKnownFileType = sourcecode.c.h; path = Alloy.h; sourceTree = "<group>"; };
		ACEB0F6324656FB300759C5A /* Info.plist */ = {isa = PBXFileReference; lastKnownFileType = text.plist.xml; path = Info.plist; sourceTree = "<group>"; };
		ACFF2FF224A4E4F50003D635 /* ScanBaseViewController.swift */ = {isa = PBXFileReference; lastKnownFileType = sourcecode.swift; path = ScanBaseViewController.swift; sourceTree = "<group>"; };
/* End PBXFileReference section */

/* Begin PBXFrameworksBuildPhase section */
		AC146C462446F4BF00F5EA02 /* Frameworks */ = {
			isa = PBXFrameworksBuildPhase;
			buildActionMask = 2147483647;
			files = (
				ACEB0F6724656FB300759C5A /* Alloy.framework in Frameworks */,
			);
			runOnlyForDeploymentPostprocessing = 0;
		};
		ACEB0F5D24656FB300759C5A /* Frameworks */ = {
			isa = PBXFrameworksBuildPhase;
			buildActionMask = 2147483647;
			files = (
				ACEB0F83246570F500759C5A /* Lottie in Frameworks */,
			);
			runOnlyForDeploymentPostprocessing = 0;
		};
/* End PBXFrameworksBuildPhase section */

/* Begin PBXGroup section */
		AC146C402446F4BF00F5EA02 = {
			isa = PBXGroup;
			children = (
				AC2B5DC124641CB5001E070A /* README.md */,
				AC146C4B2446F4BF00F5EA02 /* AlloyExample */,
				ACEB0F6124656FB300759C5A /* Alloy */,
				AC146C4A2446F4BF00F5EA02 /* Products */,
				AC146C7A2446F7E400F5EA02 /* Frameworks */,
			);
			sourceTree = "<group>";
		};
		AC146C4A2446F4BF00F5EA02 /* Products */ = {
			isa = PBXGroup;
			children = (
				AC146C492446F4BF00F5EA02 /* AlloyExample.app */,
				ACEB0F6024656FB300759C5A /* Alloy.framework */,
			);
			name = Products;
			sourceTree = "<group>";
		};
		AC146C4B2446F4BF00F5EA02 /* AlloyExample */ = {
			isa = PBXGroup;
			children = (
				AC146C4C2446F4BF00F5EA02 /* AppDelegate.swift */,
				AC146C502446F4BF00F5EA02 /* ViewController.swift */,
				AC146C552446F4C000F5EA02 /* Assets.xcassets */,
				AC146C572446F4C000F5EA02 /* LaunchScreen.storyboard */,
				AC146C5A2446F4C000F5EA02 /* Info.plist */,
			);
			path = AlloyExample;
			sourceTree = "<group>";
		};
		AC146C7A2446F7E400F5EA02 /* Frameworks */ = {
			isa = PBXGroup;
			children = (
			);
			name = Frameworks;
			sourceTree = "<group>";
		};
		AC146CAB2447582D00F5EA02 /* Extensions */ = {
			isa = PBXGroup;
			children = (
				AC2B5DC42464312A001E070A /* NSBundle.swift */,
				AC146CAC2447583900F5EA02 /* UIColor.swift */,
				AC91C94524483E3100FB8108 /* UIImage.swift */,
				ACB3AE872451A97200718C54 /* UIView.swift */,
			);
			path = Extensions;
			sourceTree = "<group>";
		};
		AC146CB024475BAF00F5EA02 /* Views */ = {
			isa = PBXGroup;
			children = (
				AC61FC40244D837600F64F56 /* CardDetail.swift */,
				AC1FB2CA249CA54D00E9FCC2 /* DocumentRadioButton.swift */,
				AC202647244ED2A900EF69A5 /* EndBanner.swift */,
				AC22473B244840F100892273 /* GetStartedItem.swift */,
				AC146CB124475D3800F5EA02 /* PrimaryButton.swift */,
				ACCC736324E3FF4400A99932 /* SelfieDetail.swift */,
				AC0C10CE24E529B2008642D0 /* SelfieSwitcher.swift */,
			);
			path = Views;
			sourceTree = "<group>";
		};
		AC22474524485C9F00892273 /* API */ = {
			isa = PBXGroup;
			children = (
				AC22474824485FD300892273 /* API.swift */,
			);
			path = API;
			sourceTree = "<group>";
		};
		AC69CBFE2458355700197A0B /* Animations */ = {
			isa = PBXGroup;
			children = (
				AC69CBFF2458356B00197A0B /* EndFailure.json */,
				AC69CC002458356B00197A0B /* EndSuccess.json */,
			);
			path = Animations;
			sourceTree = "<group>";
		};
		ACB3AE7E245187DC00718C54 /* Models */ = {
			isa = PBXGroup;
			children = (
				ACB3AE832451887C00718C54 /* Document.swift */,
				ACB3AE7F245187F300718C54 /* Entity.swift */,
				ACB3AE812451883300718C54 /* Evaluation.swift */,
				ACB3AE8524518C8900718C54 /* Init.swift */,
			);
			path = Models;
			sourceTree = "<group>";
		};
		ACEB0F6124656FB300759C5A /* Alloy */ = {
			isa = PBXGroup;
			children = (
				ACEB0F6224656FB300759C5A /* Alloy.h */,
				ACEB0F6324656FB300759C5A /* Info.plist */,
				AC91C94424483C8100FB8108 /* AlloyAssets.xcassets */,
				AC22474524485C9F00892273 /* API */,
				AC69CBFE2458355700197A0B /* Animations */,
				AC146CAB2447582D00F5EA02 /* Extensions */,
				ACB3AE7E245187DC00718C54 /* Models */,
				AC146CB024475BAF00F5EA02 /* Views */,
				AC146C782446F7C200F5EA02 /* AlloyViewController.swift */,
				AC91C94224483C0100FB8108 /* GetStartedViewController.swift */,
				AC1FB2C8249CA15F00E9FCC2 /* SelectDocumentViewController.swift */,
				ACFF2FF224A4E4F50003D635 /* ScanBaseViewController.swift */,
				AC146CA52447450600F5EA02 /* ScanIDViewController.swift */,
				AC1FB2CC249CBBA500E9FCC2 /* ScanPassportViewController.swift */,
				AC146CA72447485000F5EA02 /* CameraViewController.swift */,
				AC146CA9244753B700F5EA02 /* EndViewController.swift */,
			);
			path = Alloy;
			sourceTree = "<group>";
		};
/* End PBXGroup section */

/* Begin PBXHeadersBuildPhase section */
		ACEB0F5B24656FB300759C5A /* Headers */ = {
			isa = PBXHeadersBuildPhase;
			buildActionMask = 2147483647;
			files = (
				ACEB0F6424656FB300759C5A /* Alloy.h in Headers */,
			);
			runOnlyForDeploymentPostprocessing = 0;
		};
/* End PBXHeadersBuildPhase section */

/* Begin PBXNativeTarget section */
		AC146C482446F4BF00F5EA02 /* AlloyExample */ = {
			isa = PBXNativeTarget;
			buildConfigurationList = AC146C5D2446F4C000F5EA02 /* Build configuration list for PBXNativeTarget "AlloyExample" */;
			buildPhases = (
				AC146C452446F4BF00F5EA02 /* Sources */,
				AC146C462446F4BF00F5EA02 /* Frameworks */,
				AC146C472446F4BF00F5EA02 /* Resources */,
				ACEB0F6C24656FB300759C5A /* Embed Frameworks */,
			);
			buildRules = (
			);
			dependencies = (
				ACEB0F6624656FB300759C5A /* PBXTargetDependency */,
			);
			name = AlloyExample;
			productName = Alloy;
			productReference = AC146C492446F4BF00F5EA02 /* AlloyExample.app */;
			productType = "com.apple.product-type.application";
		};
		ACEB0F5F24656FB300759C5A /* Alloy */ = {
			isa = PBXNativeTarget;
			buildConfigurationList = ACEB0F6924656FB300759C5A /* Build configuration list for PBXNativeTarget "Alloy" */;
			buildPhases = (
				ACEB0F5B24656FB300759C5A /* Headers */,
				ACEB0F5C24656FB300759C5A /* Sources */,
				ACEB0F5D24656FB300759C5A /* Frameworks */,
				ACEB0F5E24656FB300759C5A /* Resources */,
			);
			buildRules = (
			);
			dependencies = (
			);
			name = Alloy;
			packageProductDependencies = (
				ACEB0F82246570F500759C5A /* Lottie */,
			);
			productName = Alloy;
			productReference = ACEB0F6024656FB300759C5A /* Alloy.framework */;
			productType = "com.apple.product-type.framework";
		};
/* End PBXNativeTarget section */

/* Begin PBXProject section */
		AC146C412446F4BF00F5EA02 /* Project object */ = {
			isa = PBXProject;
			attributes = {
				LastSwiftUpdateCheck = 1140;
				LastUpgradeCheck = 1140;
				ORGANIZATIONNAME = Alloy;
				TargetAttributes = {
					AC146C482446F4BF00F5EA02 = {
						CreatedOnToolsVersion = 11.4;
					};
					ACEB0F5F24656FB300759C5A = {
						CreatedOnToolsVersion = 11.4.1;
					};
				};
			};
			buildConfigurationList = AC146C442446F4BF00F5EA02 /* Build configuration list for PBXProject "Alloy" */;
			compatibilityVersion = "Xcode 9.3";
			developmentRegion = en;
			hasScannedForEncodings = 0;
			knownRegions = (
				en,
				Base,
			);
			mainGroup = AC146C402446F4BF00F5EA02;
			packageReferences = (
				AC69CBFB245832DA00197A0B /* XCRemoteSwiftPackageReference "lottie-ios" */,
			);
			productRefGroup = AC146C4A2446F4BF00F5EA02 /* Products */;
			projectDirPath = "";
			projectRoot = "";
			targets = (
				AC146C482446F4BF00F5EA02 /* AlloyExample */,
				ACEB0F5F24656FB300759C5A /* Alloy */,
			);
		};
/* End PBXProject section */

/* Begin PBXResourcesBuildPhase section */
		AC146C472446F4BF00F5EA02 /* Resources */ = {
			isa = PBXResourcesBuildPhase;
			buildActionMask = 2147483647;
			files = (
				AC146C592446F4C000F5EA02 /* LaunchScreen.storyboard in Resources */,
				AC69CC0224583B5F00197A0B /* EndSuccess.json in Resources */,
				AC146C562446F4C000F5EA02 /* Assets.xcassets in Resources */,
				AC69CC0124583B5900197A0B /* EndFailure.json in Resources */,
				AC8465E3245078460031DA78 /* AlloyAssets.xcassets in Resources */,
			);
			runOnlyForDeploymentPostprocessing = 0;
		};
		ACEB0F5E24656FB300759C5A /* Resources */ = {
			isa = PBXResourcesBuildPhase;
			buildActionMask = 2147483647;
			files = (
				ACEB0F722465706A00759C5A /* AlloyAssets.xcassets in Resources */,
				ACEB0F7F246570AE00759C5A /* EndSuccess.json in Resources */,
				ACEB0F80246570B200759C5A /* EndFailure.json in Resources */,
			);
			runOnlyForDeploymentPostprocessing = 0;
		};
/* End PBXResourcesBuildPhase section */

/* Begin PBXSourcesBuildPhase section */
		AC146C452446F4BF00F5EA02 /* Sources */ = {
			isa = PBXSourcesBuildPhase;
			buildActionMask = 2147483647;
			files = (
				AC146C512446F4BF00F5EA02 /* ViewController.swift in Sources */,
				AC146C4D2446F4BF00F5EA02 /* AppDelegate.swift in Sources */,
			);
			runOnlyForDeploymentPostprocessing = 0;
		};
		ACEB0F5C24656FB300759C5A /* Sources */ = {
			isa = PBXSourcesBuildPhase;
			buildActionMask = 2147483647;
			files = (
				ACEB0F7A2465709300759C5A /* Init.swift in Sources */,
				ACEB0F762465708600759C5A /* PrimaryButton.swift in Sources */,
				AC1FB2CB249CA54D00E9FCC2 /* DocumentRadioButton.swift in Sources */,
				ACEB0F6F24656FC300759C5A /* EndViewController.swift in Sources */,
				ACEB0F7124656FC300759C5A /* CameraViewController.swift in Sources */,
				ACEB0F7C2465709F00759C5A /* UIColor.swift in Sources */,
				ACEB0F792465709000759C5A /* Evaluation.swift in Sources */,
				ACEB0F732465707E00759C5A /* CardDetail.swift in Sources */,
				ACEB0F772465708A00759C5A /* Document.swift in Sources */,
				ACEB0F6E24656FC300759C5A /* AlloyViewController.swift in Sources */,
				ACEB0F7D246570A200759C5A /* UIImage.swift in Sources */,
				AC1FB2CD249CBBA500E9FCC2 /* ScanPassportViewController.swift in Sources */,
				ACFF2FF324A4E4F50003D635 /* ScanBaseViewController.swift in Sources */,
				AC1FB2C9249CA15F00E9FCC2 /* SelectDocumentViewController.swift in Sources */,
				ACEB0F7B2465709700759C5A /* NSBundle.swift in Sources */,
				ACCC736424E3FF4400A99932 /* SelfieDetail.swift in Sources */,
				AC0C10CF24E529B2008642D0 /* SelfieSwitcher.swift in Sources */,
				ACEB0F6D24656FC300759C5A /* GetStartedViewController.swift in Sources */,
				ACEB0F782465708E00759C5A /* Entity.swift in Sources */,
				ACEB0F7E246570A500759C5A /* UIView.swift in Sources */,
				ACEB0F752465708300759C5A /* GetStartedItem.swift in Sources */,
				ACEB0F7024656FC300759C5A /* ScanIDViewController.swift in Sources */,
				ACEB0F81246570B700759C5A /* API.swift in Sources */,
				ACEB0F742465708000759C5A /* EndBanner.swift in Sources */,
			);
			runOnlyForDeploymentPostprocessing = 0;
		};
/* End PBXSourcesBuildPhase section */

/* Begin PBXTargetDependency section */
		ACEB0F6624656FB300759C5A /* PBXTargetDependency */ = {
			isa = PBXTargetDependency;
			target = ACEB0F5F24656FB300759C5A /* Alloy */;
			targetProxy = ACEB0F6524656FB300759C5A /* PBXContainerItemProxy */;
		};
/* End PBXTargetDependency section */

/* Begin PBXVariantGroup section */
		AC146C572446F4C000F5EA02 /* LaunchScreen.storyboard */ = {
			isa = PBXVariantGroup;
			children = (
				AC146C582446F4C000F5EA02 /* Base */,
			);
			name = LaunchScreen.storyboard;
			sourceTree = "<group>";
		};
/* End PBXVariantGroup section */

/* Begin XCBuildConfiguration section */
		AC146C5B2446F4C000F5EA02 /* Debug */ = {
			isa = XCBuildConfiguration;
			buildSettings = {
				ALWAYS_SEARCH_USER_PATHS = NO;
				CLANG_ANALYZER_NONNULL = YES;
				CLANG_ANALYZER_NUMBER_OBJECT_CONVERSION = YES_AGGRESSIVE;
				CLANG_CXX_LANGUAGE_STANDARD = "gnu++14";
				CLANG_CXX_LIBRARY = "libc++";
				CLANG_ENABLE_MODULES = YES;
				CLANG_ENABLE_OBJC_ARC = YES;
				CLANG_ENABLE_OBJC_WEAK = YES;
				CLANG_WARN_BLOCK_CAPTURE_AUTORELEASING = YES;
				CLANG_WARN_BOOL_CONVERSION = YES;
				CLANG_WARN_COMMA = YES;
				CLANG_WARN_CONSTANT_CONVERSION = YES;
				CLANG_WARN_DEPRECATED_OBJC_IMPLEMENTATIONS = YES;
				CLANG_WARN_DIRECT_OBJC_ISA_USAGE = YES_ERROR;
				CLANG_WARN_DOCUMENTATION_COMMENTS = YES;
				CLANG_WARN_EMPTY_BODY = YES;
				CLANG_WARN_ENUM_CONVERSION = YES;
				CLANG_WARN_INFINITE_RECURSION = YES;
				CLANG_WARN_INT_CONVERSION = YES;
				CLANG_WARN_NON_LITERAL_NULL_CONVERSION = YES;
				CLANG_WARN_OBJC_IMPLICIT_RETAIN_SELF = YES;
				CLANG_WARN_OBJC_LITERAL_CONVERSION = YES;
				CLANG_WARN_OBJC_ROOT_CLASS = YES_ERROR;
				CLANG_WARN_RANGE_LOOP_ANALYSIS = YES;
				CLANG_WARN_STRICT_PROTOTYPES = YES;
				CLANG_WARN_SUSPICIOUS_MOVE = YES;
				CLANG_WARN_UNGUARDED_AVAILABILITY = YES_AGGRESSIVE;
				CLANG_WARN_UNREACHABLE_CODE = YES;
				CLANG_WARN__DUPLICATE_METHOD_MATCH = YES;
				COPY_PHASE_STRIP = NO;
				DEBUG_INFORMATION_FORMAT = dwarf;
				ENABLE_STRICT_OBJC_MSGSEND = YES;
				ENABLE_TESTABILITY = YES;
				GCC_C_LANGUAGE_STANDARD = gnu11;
				GCC_DYNAMIC_NO_PIC = NO;
				GCC_NO_COMMON_BLOCKS = YES;
				GCC_OPTIMIZATION_LEVEL = 0;
				GCC_PREPROCESSOR_DEFINITIONS = (
					"DEBUG=1",
					"$(inherited)",
				);
				GCC_WARN_64_TO_32_BIT_CONVERSION = YES;
				GCC_WARN_ABOUT_RETURN_TYPE = YES_ERROR;
				GCC_WARN_UNDECLARED_SELECTOR = YES;
				GCC_WARN_UNINITIALIZED_AUTOS = YES_AGGRESSIVE;
				GCC_WARN_UNUSED_FUNCTION = YES;
				GCC_WARN_UNUSED_VARIABLE = YES;
				IPHONEOS_DEPLOYMENT_TARGET = 13.4;
				MTL_ENABLE_DEBUG_INFO = INCLUDE_SOURCE;
				MTL_FAST_MATH = YES;
				ONLY_ACTIVE_ARCH = YES;
				SDKROOT = iphoneos;
				SWIFT_ACTIVE_COMPILATION_CONDITIONS = DEBUG;
				SWIFT_OPTIMIZATION_LEVEL = "-Onone";
			};
			name = Debug;
		};
		AC146C5C2446F4C000F5EA02 /* Release */ = {
			isa = XCBuildConfiguration;
			buildSettings = {
				ALWAYS_SEARCH_USER_PATHS = NO;
				CLANG_ANALYZER_NONNULL = YES;
				CLANG_ANALYZER_NUMBER_OBJECT_CONVERSION = YES_AGGRESSIVE;
				CLANG_CXX_LANGUAGE_STANDARD = "gnu++14";
				CLANG_CXX_LIBRARY = "libc++";
				CLANG_ENABLE_MODULES = YES;
				CLANG_ENABLE_OBJC_ARC = YES;
				CLANG_ENABLE_OBJC_WEAK = YES;
				CLANG_WARN_BLOCK_CAPTURE_AUTORELEASING = YES;
				CLANG_WARN_BOOL_CONVERSION = YES;
				CLANG_WARN_COMMA = YES;
				CLANG_WARN_CONSTANT_CONVERSION = YES;
				CLANG_WARN_DEPRECATED_OBJC_IMPLEMENTATIONS = YES;
				CLANG_WARN_DIRECT_OBJC_ISA_USAGE = YES_ERROR;
				CLANG_WARN_DOCUMENTATION_COMMENTS = YES;
				CLANG_WARN_EMPTY_BODY = YES;
				CLANG_WARN_ENUM_CONVERSION = YES;
				CLANG_WARN_INFINITE_RECURSION = YES;
				CLANG_WARN_INT_CONVERSION = YES;
				CLANG_WARN_NON_LITERAL_NULL_CONVERSION = YES;
				CLANG_WARN_OBJC_IMPLICIT_RETAIN_SELF = YES;
				CLANG_WARN_OBJC_LITERAL_CONVERSION = YES;
				CLANG_WARN_OBJC_ROOT_CLASS = YES_ERROR;
				CLANG_WARN_RANGE_LOOP_ANALYSIS = YES;
				CLANG_WARN_STRICT_PROTOTYPES = YES;
				CLANG_WARN_SUSPICIOUS_MOVE = YES;
				CLANG_WARN_UNGUARDED_AVAILABILITY = YES_AGGRESSIVE;
				CLANG_WARN_UNREACHABLE_CODE = YES;
				CLANG_WARN__DUPLICATE_METHOD_MATCH = YES;
				COPY_PHASE_STRIP = NO;
				DEBUG_INFORMATION_FORMAT = "dwarf-with-dsym";
				ENABLE_NS_ASSERTIONS = NO;
				ENABLE_STRICT_OBJC_MSGSEND = YES;
				GCC_C_LANGUAGE_STANDARD = gnu11;
				GCC_NO_COMMON_BLOCKS = YES;
				GCC_WARN_64_TO_32_BIT_CONVERSION = YES;
				GCC_WARN_ABOUT_RETURN_TYPE = YES_ERROR;
				GCC_WARN_UNDECLARED_SELECTOR = YES;
				GCC_WARN_UNINITIALIZED_AUTOS = YES_AGGRESSIVE;
				GCC_WARN_UNUSED_FUNCTION = YES;
				GCC_WARN_UNUSED_VARIABLE = YES;
				IPHONEOS_DEPLOYMENT_TARGET = 13.4;
				MTL_ENABLE_DEBUG_INFO = NO;
				MTL_FAST_MATH = YES;
				SDKROOT = iphoneos;
				SWIFT_COMPILATION_MODE = wholemodule;
				SWIFT_OPTIMIZATION_LEVEL = "-O";
				VALIDATE_PRODUCT = YES;
			};
			name = Release;
		};
		AC146C5E2446F4C000F5EA02 /* Debug */ = {
			isa = XCBuildConfiguration;
			buildSettings = {
				ALWAYS_EMBED_SWIFT_STANDARD_LIBRARIES = YES;
				ASSETCATALOG_COMPILER_APPICON_NAME = AppIcon;
				CODE_SIGN_STYLE = Automatic;
				DEVELOPMENT_TEAM = RXT9WNH555;
				INFOPLIST_FILE = AlloyExample/Info.plist;
				IPHONEOS_DEPLOYMENT_TARGET = 11.0;
				LD_RUNPATH_SEARCH_PATHS = (
					"$(inherited)",
					"@executable_path/Frameworks",
				);
				PRODUCT_BUNDLE_IDENTIFIER = co.alloy.AlloyExample;
				MARKETING_VERSION = 1.0.0;
				PRODUCT_NAME = AlloyExample;
				SWIFT_VERSION = 5.0;
				TARGETED_DEVICE_FAMILY = 1;
			};
			name = Debug;
		};
		AC146C5F2446F4C000F5EA02 /* Release */ = {
			isa = XCBuildConfiguration;
			buildSettings = {
				ALWAYS_EMBED_SWIFT_STANDARD_LIBRARIES = YES;
				ASSETCATALOG_COMPILER_APPICON_NAME = AppIcon;
				CODE_SIGN_STYLE = Automatic;
				DEVELOPMENT_TEAM = RXT9WNH555;
				INFOPLIST_FILE = AlloyExample/Info.plist;
				IPHONEOS_DEPLOYMENT_TARGET = 11.0;
				LD_RUNPATH_SEARCH_PATHS = (
					"$(inherited)",
					"@executable_path/Frameworks",
				);
				PRODUCT_BUNDLE_IDENTIFIER = co.alloy.AlloyExample;
				MARKETING_VERSION = 1.0.0;
				PRODUCT_NAME = AlloyExample;
				SWIFT_VERSION = 5.0;
				TARGETED_DEVICE_FAMILY = 1;
			};
			name = Release;
		};
		ACEB0F6A24656FB300759C5A /* Debug */ = {
			isa = XCBuildConfiguration;
			buildSettings = {
				CODE_SIGN_STYLE = Automatic;
				CURRENT_PROJECT_VERSION = 1;
				DEFINES_MODULE = YES;
				DEVELOPMENT_TEAM = RXT9WNH555;
				DYLIB_COMPATIBILITY_VERSION = 1;
				DYLIB_CURRENT_VERSION = 1;
				DYLIB_INSTALL_NAME_BASE = "@rpath";
				INFOPLIST_FILE = Alloy/Info.plist;
				INSTALL_PATH = "$(LOCAL_LIBRARY_DIR)/Frameworks";
				IPHONEOS_DEPLOYMENT_TARGET = 11.0;
				LD_RUNPATH_SEARCH_PATHS = (
					"$(inherited)",
					"@executable_path/Frameworks",
					"@loader_path/Frameworks",
				);
				PRODUCT_BUNDLE_IDENTIFIER = co.alloy.Alloy;
				PRODUCT_NAME = "$(TARGET_NAME:c99extidentifier)";
				SKIP_INSTALL = YES;
				SWIFT_VERSION = 5.0;
				TARGETED_DEVICE_FAMILY = "1,2";
				VERSIONING_SYSTEM = "apple-generic";
				VERSION_INFO_PREFIX = "";
			};
			name = Debug;
		};
		ACEB0F6B24656FB300759C5A /* Release */ = {
			isa = XCBuildConfiguration;
			buildSettings = {
				CODE_SIGN_STYLE = Automatic;
				CURRENT_PROJECT_VERSION = 1;
				DEFINES_MODULE = YES;
				DEVELOPMENT_TEAM = RXT9WNH555;
				DYLIB_COMPATIBILITY_VERSION = 1;
				DYLIB_CURRENT_VERSION = 1;
				DYLIB_INSTALL_NAME_BASE = "@rpath";
				INFOPLIST_FILE = Alloy/Info.plist;
				INSTALL_PATH = "$(LOCAL_LIBRARY_DIR)/Frameworks";
				IPHONEOS_DEPLOYMENT_TARGET = 11.0;
				LD_RUNPATH_SEARCH_PATHS = (
					"$(inherited)",
					"@executable_path/Frameworks",
					"@loader_path/Frameworks",
				);
				PRODUCT_BUNDLE_IDENTIFIER = co.alloy.Alloy;
				PRODUCT_NAME = "$(TARGET_NAME:c99extidentifier)";
				SKIP_INSTALL = YES;
				SWIFT_VERSION = 5.0;
				TARGETED_DEVICE_FAMILY = "1,2";
				VERSIONING_SYSTEM = "apple-generic";
				VERSION_INFO_PREFIX = "";
			};
			name = Release;
		};
/* End XCBuildConfiguration section */

/* Begin XCConfigurationList section */
		AC146C442446F4BF00F5EA02 /* Build configuration list for PBXProject "Alloy" */ = {
			isa = XCConfigurationList;
			buildConfigurations = (
				AC146C5B2446F4C000F5EA02 /* Debug */,
				AC146C5C2446F4C000F5EA02 /* Release */,
			);
			defaultConfigurationIsVisible = 0;
			defaultConfigurationName = Release;
		};
		AC146C5D2446F4C000F5EA02 /* Build configuration list for PBXNativeTarget "AlloyExample" */ = {
			isa = XCConfigurationList;
			buildConfigurations = (
				AC146C5E2446F4C000F5EA02 /* Debug */,
				AC146C5F2446F4C000F5EA02 /* Release */,
			);
			defaultConfigurationIsVisible = 0;
			defaultConfigurationName = Release;
		};
		ACEB0F6924656FB300759C5A /* Build configuration list for PBXNativeTarget "Alloy" */ = {
			isa = XCConfigurationList;
			buildConfigurations = (
				ACEB0F6A24656FB300759C5A /* Debug */,
				ACEB0F6B24656FB300759C5A /* Release */,
			);
			defaultConfigurationIsVisible = 0;
			defaultConfigurationName = Release;
		};
/* End XCConfigurationList section */

/* Begin XCRemoteSwiftPackageReference section */
		AC69CBFB245832DA00197A0B /* XCRemoteSwiftPackageReference "lottie-ios" */ = {
			isa = XCRemoteSwiftPackageReference;
			repositoryURL = "https://github.com/airbnb/lottie-ios";
			requirement = {
				kind = upToNextMajorVersion;
				minimumVersion = 3.1.8;
			};
		};
/* End XCRemoteSwiftPackageReference section */

/* Begin XCSwiftPackageProductDependency section */
		ACEB0F82246570F500759C5A /* Lottie */ = {
			isa = XCSwiftPackageProductDependency;
			package = AC69CBFB245832DA00197A0B /* XCRemoteSwiftPackageReference "lottie-ios" */;
			productName = Lottie;
		};
/* End XCSwiftPackageProductDependency section */
	};
	rootObject = AC146C412446F4BF00F5EA02 /* Project object */;
}
